lockfileVersion: '9.0'

settings:
  autoInstallPeers: true
  excludeLinksFromLockfile: false

importers:

  .:
    dependencies:
      '@radix-ui/react-slot':
        specifier: ^1.1.2
        version: 1.2.0(@types/react@19.1.0)(react@19.1.0)
      '@tailwindcss/postcss':
        specifier: ^4.0.15
        version: 4.1.3
      aos:
        specifier: ^2.3.4
        version: 2.3.4
      class-variance-authority:
        specifier: ^0.7.1
        version: 0.7.1
      clsx:
        specifier: ^2.1.1
        version: 2.1.1
      lucide-react:
        specifier: ^0.483.0
        version: 0.483.0(react@19.1.0)
      next:
        specifier: 15.2.3
        version: 15.2.3(react-dom@19.1.0(react@19.1.0))(react@19.1.0)
      next-intl:
        specifier: ^4.0.2
        version: 4.0.2(next@15.2.3(react-dom@19.1.0(react@19.1.0))(react@19.1.0))(react@19.1.0)(typescript@5.8.3)
      pnpm:
        specifier: ^10.8.0
        version: 10.8.0
      postcss:
        specifier: ^8.5.3
        version: 8.5.3
      react:
        specifier: ^19.0.0
        version: 19.1.0
      react-dom:
        specifier: ^19.0.0
        version: 19.1.0(react@19.1.0)
      tailwind-merge:
        specifier: ^3.0.2
        version: 3.2.0
      tailwindcss:
        specifier: ^4.0.15
        version: 4.1.3
      tw-animate-css:
        specifier: ^1.2.4
        version: 1.2.5
      zustand:
        specifier: ^5.0.3
        version: 5.0.3(@types/react@19.1.0)(react@19.1.0)
    devDependencies:
      '@types/aos':
        specifier: ^3.0.7
        version: 3.0.7
      '@types/node':
        specifier: ^20
        version: 20.17.30
      '@types/react':
        specifier: ^19
        version: 19.1.0
      '@types/react-dom':
        specifier: ^19
        version: 19.1.2(@types/react@19.1.0)
      typescript:
        specifier: ^5
        version: 5.8.3

packages:

  '@alloc/quick-lru@5.2.0':
    resolution: {integrity: sha512-UrcABB+4bUrFABwbluTIBErXwvbsU/V7TZWfmbgJfbkwiBuziS9gxdODUyuiecfdGQ85jglMW6juS3+z5TsKLw==, tarball: https://registry.npmmirror.com/@alloc/quick-lru/-/quick-lru-5.2.0.tgz}
    engines: {node: '>=10'}

  '@emnapi/runtime@1.4.0':
    resolution: {integrity: sha512-64WYIf4UYcdLnbKn/umDlNjQDSS8AgZrI/R9+x5ilkUVFxXcA1Ebl+gQLc/6mERA4407Xof0R7wEyEuj091CVw==, tarball: https://registry.npmmirror.com/@emnapi/runtime/-/runtime-1.4.0.tgz}

  '@formatjs/ecma402-abstract@2.3.4':
    resolution: {integrity: sha512-qrycXDeaORzIqNhBOx0btnhpD1c+/qFIHAN9znofuMJX6QBwtbrmlpWfD4oiUUD2vJUOIYFA/gYtg2KAMGG7sA==, tarball: https://registry.npmmirror.com/@formatjs/ecma402-abstract/-/ecma402-abstract-2.3.4.tgz}

  '@formatjs/fast-memoize@2.2.7':
    resolution: {integrity: sha512-Yabmi9nSvyOMrlSeGGWDiH7rf3a7sIwplbvo/dlz9WCIjzIQAfy1RMf4S0X3yG724n5Ghu2GmEl5NJIV6O9sZQ==, tarball: https://registry.npmmirror.com/@formatjs/fast-memoize/-/fast-memoize-2.2.7.tgz}

  '@formatjs/icu-messageformat-parser@2.11.2':
    resolution: {integrity: sha512-AfiMi5NOSo2TQImsYAg8UYddsNJ/vUEv/HaNqiFjnI3ZFfWihUtD5QtuX6kHl8+H+d3qvnE/3HZrfzgdWpsLNA==, tarball: https://registry.npmmirror.com/@formatjs/icu-messageformat-parser/-/icu-messageformat-parser-2.11.2.tgz}

  '@formatjs/icu-skeleton-parser@1.8.14':
    resolution: {integrity: sha512-i4q4V4qslThK4Ig8SxyD76cp3+QJ3sAqr7f6q9VVfeGtxG9OhiAk3y9XF6Q41OymsKzsGQ6OQQoJNY4/lI8TcQ==, tarball: https://registry.npmmirror.com/@formatjs/icu-skeleton-parser/-/icu-skeleton-parser-1.8.14.tgz}

  '@formatjs/intl-localematcher@0.5.10':
    resolution: {integrity: sha512-af3qATX+m4Rnd9+wHcjJ4w2ijq+rAVP3CCinJQvFv1kgSu1W6jypUmvleJxcewdxmutM8dmIRZFxO/IQBZmP2Q==, tarball: https://registry.npmmirror.com/@formatjs/intl-localematcher/-/intl-localematcher-0.5.10.tgz}

  '@formatjs/intl-localematcher@0.6.1':
    resolution: {integrity: sha512-ePEgLgVCqi2BBFnTMWPfIghu6FkbZnnBVhO2sSxvLfrdFw7wCHAHiDoM2h4NRgjbaY7+B7HgOLZGkK187pZTZg==, tarball: https://registry.npmmirror.com/@formatjs/intl-localematcher/-/intl-localematcher-0.6.1.tgz}

  '@img/sharp-darwin-arm64@0.33.5':
    resolution: {integrity: sha512-UT4p+iz/2H4twwAoLCqfA9UH5pI6DggwKEGuaPy7nCVQ8ZsiY5PIcrRvD1DzuY3qYL07NtIQcWnBSY/heikIFQ==, tarball: https://registry.npmmirror.com/@img/sharp-darwin-arm64/-/sharp-darwin-arm64-0.33.5.tgz}
    engines: {node: ^18.17.0 || ^20.3.0 || >=21.0.0}
    cpu: [arm64]
    os: [darwin]

  '@img/sharp-darwin-x64@0.33.5':
    resolution: {integrity: sha512-fyHac4jIc1ANYGRDxtiqelIbdWkIuQaI84Mv45KvGRRxSAa7o7d1ZKAOBaYbnepLC1WqxfpimdeWfvqqSGwR2Q==, tarball: https://registry.npmmirror.com/@img/sharp-darwin-x64/-/sharp-darwin-x64-0.33.5.tgz}
    engines: {node: ^18.17.0 || ^20.3.0 || >=21.0.0}
    cpu: [x64]
    os: [darwin]

  '@img/sharp-libvips-darwin-arm64@1.0.4':
    resolution: {integrity: sha512-XblONe153h0O2zuFfTAbQYAX2JhYmDHeWikp1LM9Hul9gVPjFY427k6dFEcOL72O01QxQsWi761svJ/ev9xEDg==, tarball: https://registry.npmmirror.com/@img/sharp-libvips-darwin-arm64/-/sharp-libvips-darwin-arm64-1.0.4.tgz}
    cpu: [arm64]
    os: [darwin]

  '@img/sharp-libvips-darwin-x64@1.0.4':
    resolution: {integrity: sha512-xnGR8YuZYfJGmWPvmlunFaWJsb9T/AO2ykoP3Fz/0X5XV2aoYBPkX6xqCQvUTKKiLddarLaxpzNe+b1hjeWHAQ==, tarball: https://registry.npmmirror.com/@img/sharp-libvips-darwin-x64/-/sharp-libvips-darwin-x64-1.0.4.tgz}
    cpu: [x64]
    os: [darwin]

  '@img/sharp-libvips-linux-arm64@1.0.4':
    resolution: {integrity: sha512-9B+taZ8DlyyqzZQnoeIvDVR/2F4EbMepXMc/NdVbkzsJbzkUjhXv/70GQJ7tdLA4YJgNP25zukcxpX2/SueNrA==, tarball: https://registry.npmmirror.com/@img/sharp-libvips-linux-arm64/-/sharp-libvips-linux-arm64-1.0.4.tgz}
    cpu: [arm64]
    os: [linux]
    libc: [glibc]

  '@img/sharp-libvips-linux-arm@1.0.5':
    resolution: {integrity: sha512-gvcC4ACAOPRNATg/ov8/MnbxFDJqf/pDePbBnuBDcjsI8PssmjoKMAz4LtLaVi+OnSb5FK/yIOamqDwGmXW32g==, tarball: https://registry.npmmirror.com/@img/sharp-libvips-linux-arm/-/sharp-libvips-linux-arm-1.0.5.tgz}
    cpu: [arm]
    os: [linux]
    libc: [glibc]

  '@img/sharp-libvips-linux-s390x@1.0.4':
    resolution: {integrity: sha512-u7Wz6ntiSSgGSGcjZ55im6uvTrOxSIS8/dgoVMoiGE9I6JAfU50yH5BoDlYA1tcuGS7g/QNtetJnxA6QEsCVTA==, tarball: https://registry.npmmirror.com/@img/sharp-libvips-linux-s390x/-/sharp-libvips-linux-s390x-1.0.4.tgz}
    cpu: [s390x]
    os: [linux]
    libc: [glibc]

  '@img/sharp-libvips-linux-x64@1.0.4':
    resolution: {integrity: sha512-MmWmQ3iPFZr0Iev+BAgVMb3ZyC4KeFc3jFxnNbEPas60e1cIfevbtuyf9nDGIzOaW9PdnDciJm+wFFaTlj5xYw==, tarball: https://registry.npmmirror.com/@img/sharp-libvips-linux-x64/-/sharp-libvips-linux-x64-1.0.4.tgz}
    cpu: [x64]
    os: [linux]
    libc: [glibc]

  '@img/sharp-libvips-linuxmusl-arm64@1.0.4':
    resolution: {integrity: sha512-9Ti+BbTYDcsbp4wfYib8Ctm1ilkugkA/uscUn6UXK1ldpC1JjiXbLfFZtRlBhjPZ5o1NCLiDbg8fhUPKStHoTA==, tarball: https://registry.npmmirror.com/@img/sharp-libvips-linuxmusl-arm64/-/sharp-libvips-linuxmusl-arm64-1.0.4.tgz}
    cpu: [arm64]
    os: [linux]
    libc: [musl]

  '@img/sharp-libvips-linuxmusl-x64@1.0.4':
    resolution: {integrity: sha512-viYN1KX9m+/hGkJtvYYp+CCLgnJXwiQB39damAO7WMdKWlIhmYTfHjwSbQeUK/20vY154mwezd9HflVFM1wVSw==, tarball: https://registry.npmmirror.com/@img/sharp-libvips-linuxmusl-x64/-/sharp-libvips-linuxmusl-x64-1.0.4.tgz}
    cpu: [x64]
    os: [linux]
    libc: [musl]

  '@img/sharp-linux-arm64@0.33.5':
    resolution: {integrity: sha512-JMVv+AMRyGOHtO1RFBiJy/MBsgz0x4AWrT6QoEVVTyh1E39TrCUpTRI7mx9VksGX4awWASxqCYLCV4wBZHAYxA==, tarball: https://registry.npmmirror.com/@img/sharp-linux-arm64/-/sharp-linux-arm64-0.33.5.tgz}
    engines: {node: ^18.17.0 || ^20.3.0 || >=21.0.0}
    cpu: [arm64]
    os: [linux]
    libc: [glibc]

  '@img/sharp-linux-arm@0.33.5':
    resolution: {integrity: sha512-JTS1eldqZbJxjvKaAkxhZmBqPRGmxgu+qFKSInv8moZ2AmT5Yib3EQ1c6gp493HvrvV8QgdOXdyaIBrhvFhBMQ==, tarball: https://registry.npmmirror.com/@img/sharp-linux-arm/-/sharp-linux-arm-0.33.5.tgz}
    engines: {node: ^18.17.0 || ^20.3.0 || >=21.0.0}
    cpu: [arm]
    os: [linux]
    libc: [glibc]

  '@img/sharp-linux-s390x@0.33.5':
    resolution: {integrity: sha512-y/5PCd+mP4CA/sPDKl2961b+C9d+vPAveS33s6Z3zfASk2j5upL6fXVPZi7ztePZ5CuH+1kW8JtvxgbuXHRa4Q==, tarball: https://registry.npmmirror.com/@img/sharp-linux-s390x/-/sharp-linux-s390x-0.33.5.tgz}
    engines: {node: ^18.17.0 || ^20.3.0 || >=21.0.0}
    cpu: [s390x]
    os: [linux]
    libc: [glibc]

  '@img/sharp-linux-x64@0.33.5':
    resolution: {integrity: sha512-opC+Ok5pRNAzuvq1AG0ar+1owsu842/Ab+4qvU879ippJBHvyY5n2mxF1izXqkPYlGuP/M556uh53jRLJmzTWA==, tarball: https://registry.npmmirror.com/@img/sharp-linux-x64/-/sharp-linux-x64-0.33.5.tgz}
    engines: {node: ^18.17.0 || ^20.3.0 || >=21.0.0}
    cpu: [x64]
    os: [linux]
    libc: [glibc]

  '@img/sharp-linuxmusl-arm64@0.33.5':
    resolution: {integrity: sha512-XrHMZwGQGvJg2V/oRSUfSAfjfPxO+4DkiRh6p2AFjLQztWUuY/o8Mq0eMQVIY7HJ1CDQUJlxGGZRw1a5bqmd1g==, tarball: https://registry.npmmirror.com/@img/sharp-linuxmusl-arm64/-/sharp-linuxmusl-arm64-0.33.5.tgz}
    engines: {node: ^18.17.0 || ^20.3.0 || >=21.0.0}
    cpu: [arm64]
    os: [linux]
    libc: [musl]

  '@img/sharp-linuxmusl-x64@0.33.5':
    resolution: {integrity: sha512-WT+d/cgqKkkKySYmqoZ8y3pxx7lx9vVejxW/W4DOFMYVSkErR+w7mf2u8m/y4+xHe7yY9DAXQMWQhpnMuFfScw==, tarball: https://registry.npmmirror.com/@img/sharp-linuxmusl-x64/-/sharp-linuxmusl-x64-0.33.5.tgz}
    engines: {node: ^18.17.0 || ^20.3.0 || >=21.0.0}
    cpu: [x64]
    os: [linux]
    libc: [musl]

  '@img/sharp-wasm32@0.33.5':
    resolution: {integrity: sha512-ykUW4LVGaMcU9lu9thv85CbRMAwfeadCJHRsg2GmeRa/cJxsVY9Rbd57JcMxBkKHag5U/x7TSBpScF4U8ElVzg==, tarball: https://registry.npmmirror.com/@img/sharp-wasm32/-/sharp-wasm32-0.33.5.tgz}
    engines: {node: ^18.17.0 || ^20.3.0 || >=21.0.0}
    cpu: [wasm32]

  '@img/sharp-win32-ia32@0.33.5':
    resolution: {integrity: sha512-T36PblLaTwuVJ/zw/LaH0PdZkRz5rd3SmMHX8GSmR7vtNSP5Z6bQkExdSK7xGWyxLw4sUknBuugTelgw2faBbQ==, tarball: https://registry.npmmirror.com/@img/sharp-win32-ia32/-/sharp-win32-ia32-0.33.5.tgz}
    engines: {node: ^18.17.0 || ^20.3.0 || >=21.0.0}
    cpu: [ia32]
    os: [win32]

  '@img/sharp-win32-x64@0.33.5':
    resolution: {integrity: sha512-MpY/o8/8kj+EcnxwvrP4aTJSWw/aZ7JIGR4aBeZkZw5B7/Jn+tY9/VNwtcoGmdT7GfggGIU4kygOMSbYnOrAbg==, tarball: https://registry.npmmirror.com/@img/sharp-win32-x64/-/sharp-win32-x64-0.33.5.tgz}
    engines: {node: ^18.17.0 || ^20.3.0 || >=21.0.0}
    cpu: [x64]
    os: [win32]

  '@next/env@15.2.3':
    resolution: {integrity: sha512-a26KnbW9DFEUsSxAxKBORR/uD9THoYoKbkpFywMN/AFvboTt94b8+g/07T8J6ACsdLag8/PDU60ov4rPxRAixw==, tarball: https://registry.npmmirror.com/@next/env/-/env-15.2.3.tgz}

  '@next/swc-darwin-arm64@15.2.3':
    resolution: {integrity: sha512-uaBhA8aLbXLqwjnsHSkxs353WrRgQgiFjduDpc7YXEU0B54IKx3vU+cxQlYwPCyC8uYEEX7THhtQQsfHnvv8dw==, tarball: https://registry.npmmirror.com/@next/swc-darwin-arm64/-/swc-darwin-arm64-15.2.3.tgz}
    engines: {node: '>= 10'}
    cpu: [arm64]
    os: [darwin]

  '@next/swc-darwin-x64@15.2.3':
    resolution: {integrity: sha512-pVwKvJ4Zk7h+4hwhqOUuMx7Ib02u3gDX3HXPKIShBi9JlYllI0nU6TWLbPT94dt7FSi6mSBhfc2JrHViwqbOdw==, tarball: https://registry.npmmirror.com/@next/swc-darwin-x64/-/swc-darwin-x64-15.2.3.tgz}
    engines: {node: '>= 10'}
    cpu: [x64]
    os: [darwin]

  '@next/swc-linux-arm64-gnu@15.2.3':
    resolution: {integrity: sha512-50ibWdn2RuFFkOEUmo9NCcQbbV9ViQOrUfG48zHBCONciHjaUKtHcYFiCwBVuzD08fzvzkWuuZkd4AqbvKO7UQ==, tarball: https://registry.npmmirror.com/@next/swc-linux-arm64-gnu/-/swc-linux-arm64-gnu-15.2.3.tgz}
    engines: {node: '>= 10'}
    cpu: [arm64]
    os: [linux]
    libc: [glibc]

  '@next/swc-linux-arm64-musl@15.2.3':
    resolution: {integrity: sha512-2gAPA7P652D3HzR4cLyAuVYwYqjG0mt/3pHSWTCyKZq/N/dJcUAEoNQMyUmwTZWCJRKofB+JPuDVP2aD8w2J6Q==, tarball: https://registry.npmmirror.com/@next/swc-linux-arm64-musl/-/swc-linux-arm64-musl-15.2.3.tgz}
    engines: {node: '>= 10'}
    cpu: [arm64]
    os: [linux]
    libc: [musl]

  '@next/swc-linux-x64-gnu@15.2.3':
    resolution: {integrity: sha512-ODSKvrdMgAJOVU4qElflYy1KSZRM3M45JVbeZu42TINCMG3anp7YCBn80RkISV6bhzKwcUqLBAmOiWkaGtBA9w==, tarball: https://registry.npmmirror.com/@next/swc-linux-x64-gnu/-/swc-linux-x64-gnu-15.2.3.tgz}
    engines: {node: '>= 10'}
    cpu: [x64]
    os: [linux]
    libc: [glibc]

  '@next/swc-linux-x64-musl@15.2.3':
    resolution: {integrity: sha512-ZR9kLwCWrlYxwEoytqPi1jhPd1TlsSJWAc+H/CJHmHkf2nD92MQpSRIURR1iNgA/kuFSdxB8xIPt4p/T78kwsg==, tarball: https://registry.npmmirror.com/@next/swc-linux-x64-musl/-/swc-linux-x64-musl-15.2.3.tgz}
    engines: {node: '>= 10'}
    cpu: [x64]
    os: [linux]
    libc: [musl]

  '@next/swc-win32-arm64-msvc@15.2.3':
    resolution: {integrity: sha512-+G2FrDcfm2YDbhDiObDU/qPriWeiz/9cRR0yMWJeTLGGX6/x8oryO3tt7HhodA1vZ8r2ddJPCjtLcpaVl7TE2Q==, tarball: https://registry.npmmirror.com/@next/swc-win32-arm64-msvc/-/swc-win32-arm64-msvc-15.2.3.tgz}
    engines: {node: '>= 10'}
    cpu: [arm64]
    os: [win32]

  '@next/swc-win32-x64-msvc@15.2.3':
    resolution: {integrity: sha512-gHYS9tc+G2W0ZC8rBL+H6RdtXIyk40uLiaos0yj5US85FNhbFEndMA2nW3z47nzOWiSvXTZ5kBClc3rD0zJg0w==, tarball: https://registry.npmmirror.com/@next/swc-win32-x64-msvc/-/swc-win32-x64-msvc-15.2.3.tgz}
    engines: {node: '>= 10'}
    cpu: [x64]
    os: [win32]

  '@radix-ui/react-compose-refs@1.1.2':
    resolution: {integrity: sha512-z4eqJvfiNnFMHIIvXP3CY57y2WJs5g2v3X0zm9mEJkrkNv4rDxu+sg9Jh8EkXyeqBkB7SOcboo9dMVqhyrACIg==, tarball: https://registry.npmmirror.com/@radix-ui/react-compose-refs/-/react-compose-refs-1.1.2.tgz}
    peerDependencies:
      '@types/react': '*'
      react: ^16.8 || ^17.0 || ^18.0 || ^19.0 || ^19.0.0-rc
    peerDependenciesMeta:
      '@types/react':
        optional: true

  '@radix-ui/react-slot@1.2.0':
    resolution: {integrity: sha512-ujc+V6r0HNDviYqIK3rW4ffgYiZ8g5DEHrGJVk4x7kTlLXRDILnKX9vAUYeIsLOoDpDJ0ujpqMkjH4w2ofuo6w==, tarball: https://registry.npmmirror.com/@radix-ui/react-slot/-/react-slot-1.2.0.tgz}
    peerDependencies:
      '@types/react': '*'
      react: ^16.8 || ^17.0 || ^18.0 || ^19.0 || ^19.0.0-rc
    peerDependenciesMeta:
      '@types/react':
        optional: true

  '@schummar/icu-type-parser@1.21.5':
    resolution: {integrity: sha512-bXHSaW5jRTmke9Vd0h5P7BtWZG9Znqb8gSDxZnxaGSJnGwPLDPfS+3g0BKzeWqzgZPsIVZkM7m2tbo18cm5HBw==, tarball: https://registry.npmmirror.com/@schummar/icu-type-parser/-/icu-type-parser-1.21.5.tgz}

  '@swc/counter@0.1.3':
    resolution: {integrity: sha512-e2BR4lsJkkRlKZ/qCHPw9ZaSxc0MVUd7gtbtaB7aMvHeJVYe8sOB8DBZkP2DtISHGSku9sCK6T6cnY0CtXrOCQ==, tarball: https://registry.npmmirror.com/@swc/counter/-/counter-0.1.3.tgz}

  '@swc/helpers@0.5.15':
    resolution: {integrity: sha512-JQ5TuMi45Owi4/BIMAJBoSQoOJu12oOk/gADqlcUL9JEdHB8vyjUSsxqeNXnmXHjYKMi2WcYtezGEEhqUI/E2g==, tarball: https://registry.npmmirror.com/@swc/helpers/-/helpers-0.5.15.tgz}

  '@tailwindcss/node@4.1.3':
    resolution: {integrity: sha512-H/6r6IPFJkCfBJZ2dKZiPJ7Ueb2wbL592+9bQEl2r73qbX6yGnmQVIfiUvDRB2YI0a3PWDrzUwkvQx1XW1bNkA==, tarball: https://registry.npmmirror.com/@tailwindcss/node/-/node-4.1.3.tgz}

  '@tailwindcss/oxide-android-arm64@4.1.3':
    resolution: {integrity: sha512-cxklKjtNLwFl3mDYw4XpEfBY+G8ssSg9ADL4Wm6//5woi3XGqlxFsnV5Zb6v07dxw1NvEX2uoqsxO/zWQsgR+g==, tarball: https://registry.npmmirror.com/@tailwindcss/oxide-android-arm64/-/oxide-android-arm64-4.1.3.tgz}
    engines: {node: '>= 10'}
    cpu: [arm64]
    os: [android]

  '@tailwindcss/oxide-darwin-arm64@4.1.3':
    resolution: {integrity: sha512-mqkf2tLR5VCrjBvuRDwzKNShRu99gCAVMkVsaEOFvv6cCjlEKXRecPu9DEnxp6STk5z+Vlbh1M5zY3nQCXMXhw==, tarball: https://registry.npmmirror.com/@tailwindcss/oxide-darwin-arm64/-/oxide-darwin-arm64-4.1.3.tgz}
    engines: {node: '>= 10'}
    cpu: [arm64]
    os: [darwin]

  '@tailwindcss/oxide-darwin-x64@4.1.3':
    resolution: {integrity: sha512-7sGraGaWzXvCLyxrc7d+CCpUN3fYnkkcso3rCzwUmo/LteAl2ZGCDlGvDD8Y/1D3ngxT8KgDj1DSwOnNewKhmg==, tarball: https://registry.npmmirror.com/@tailwindcss/oxide-darwin-x64/-/oxide-darwin-x64-4.1.3.tgz}
    engines: {node: '>= 10'}
    cpu: [x64]
    os: [darwin]

  '@tailwindcss/oxide-freebsd-x64@4.1.3':
    resolution: {integrity: sha512-E2+PbcbzIReaAYZe997wb9rId246yDkCwAakllAWSGqe6VTg9hHle67hfH6ExjpV2LSK/siRzBUs5wVff3RW9w==, tarball: https://registry.npmmirror.com/@tailwindcss/oxide-freebsd-x64/-/oxide-freebsd-x64-4.1.3.tgz}
    engines: {node: '>= 10'}
    cpu: [x64]
    os: [freebsd]

  '@tailwindcss/oxide-linux-arm-gnueabihf@4.1.3':
    resolution: {integrity: sha512-GvfbJ8wjSSjbLFFE3UYz4Eh8i4L6GiEYqCtA8j2Zd2oXriPuom/Ah/64pg/szWycQpzRnbDiJozoxFU2oJZyfg==, tarball: https://registry.npmmirror.com/@tailwindcss/oxide-linux-arm-gnueabihf/-/oxide-linux-arm-gnueabihf-4.1.3.tgz}
    engines: {node: '>= 10'}
    cpu: [arm]
    os: [linux]

  '@tailwindcss/oxide-linux-arm64-gnu@4.1.3':
    resolution: {integrity: sha512-35UkuCWQTeG9BHcBQXndDOrpsnt3Pj9NVIB4CgNiKmpG8GnCNXeMczkUpOoqcOhO6Cc/mM2W7kaQ/MTEENDDXg==, tarball: https://registry.npmmirror.com/@tailwindcss/oxide-linux-arm64-gnu/-/oxide-linux-arm64-gnu-4.1.3.tgz}
    engines: {node: '>= 10'}
    cpu: [arm64]
    os: [linux]
    libc: [glibc]

  '@tailwindcss/oxide-linux-arm64-musl@4.1.3':
    resolution: {integrity: sha512-dm18aQiML5QCj9DQo7wMbt1Z2tl3Giht54uVR87a84X8qRtuXxUqnKQkRDK5B4bCOmcZ580lF9YcoMkbDYTXHQ==, tarball: https://registry.npmmirror.com/@tailwindcss/oxide-linux-arm64-musl/-/oxide-linux-arm64-musl-4.1.3.tgz}
    engines: {node: '>= 10'}
    cpu: [arm64]
    os: [linux]
    libc: [musl]

  '@tailwindcss/oxide-linux-x64-gnu@4.1.3':
    resolution: {integrity: sha512-LMdTmGe/NPtGOaOfV2HuO7w07jI3cflPrVq5CXl+2O93DCewADK0uW1ORNAcfu2YxDUS035eY2W38TxrsqngxA==, tarball: https://registry.npmmirror.com/@tailwindcss/oxide-linux-x64-gnu/-/oxide-linux-x64-gnu-4.1.3.tgz}
    engines: {node: '>= 10'}
    cpu: [x64]
    os: [linux]
    libc: [glibc]

  '@tailwindcss/oxide-linux-x64-musl@4.1.3':
    resolution: {integrity: sha512-aalNWwIi54bbFEizwl1/XpmdDrOaCjRFQRgtbv9slWjmNPuJJTIKPHf5/XXDARc9CneW9FkSTqTbyvNecYAEGw==, tarball: https://registry.npmmirror.com/@tailwindcss/oxide-linux-x64-musl/-/oxide-linux-x64-musl-4.1.3.tgz}
    engines: {node: '>= 10'}
    cpu: [x64]
    os: [linux]
    libc: [musl]

  '@tailwindcss/oxide-win32-arm64-msvc@4.1.3':
    resolution: {integrity: sha512-PEj7XR4OGTGoboTIAdXicKuWl4EQIjKHKuR+bFy9oYN7CFZo0eu74+70O4XuERX4yjqVZGAkCdglBODlgqcCXg==, tarball: https://registry.npmmirror.com/@tailwindcss/oxide-win32-arm64-msvc/-/oxide-win32-arm64-msvc-4.1.3.tgz}
    engines: {node: '>= 10'}
    cpu: [arm64]
    os: [win32]

  '@tailwindcss/oxide-win32-x64-msvc@4.1.3':
    resolution: {integrity: sha512-T8gfxECWDBENotpw3HR9SmNiHC9AOJdxs+woasRZ8Q/J4VHN0OMs7F+4yVNZ9EVN26Wv6mZbK0jv7eHYuLJLwA==, tarball: https://registry.npmmirror.com/@tailwindcss/oxide-win32-x64-msvc/-/oxide-win32-x64-msvc-4.1.3.tgz}
    engines: {node: '>= 10'}
    cpu: [x64]
    os: [win32]

  '@tailwindcss/oxide@4.1.3':
    resolution: {integrity: sha512-t16lpHCU7LBxDe/8dCj9ntyNpXaSTAgxWm1u2XQP5NiIu4KGSyrDJJRlK9hJ4U9yJxx0UKCVI67MJWFNll5mOQ==, tarball: https://registry.npmmirror.com/@tailwindcss/oxide/-/oxide-4.1.3.tgz}
    engines: {node: '>= 10'}

  '@tailwindcss/postcss@4.1.3':
    resolution: {integrity: sha512-6s5nJODm98F++QT49qn8xJKHQRamhYHfMi3X7/ltxiSQ9dyRsaFSfFkfaMsanWzf+TMYQtbk8mt5f6cCVXJwfg==, tarball: https://registry.npmmirror.com/@tailwindcss/postcss/-/postcss-4.1.3.tgz}

  '@types/aos@3.0.7':
    resolution: {integrity: sha512-sEhyFqvKauUJZDbvAB3Pggynrq6g+2PS4XB3tmUr+mDL1gfDJnwslUC4QQ7/l8UD+LWpr3RxZVR/rHoZrLqZVg==, tarball: https://registry.npmmirror.com/@types/aos/-/aos-3.0.7.tgz}

  '@types/node@20.17.30':
    resolution: {integrity: sha512-7zf4YyHA+jvBNfVrk2Gtvs6x7E8V+YDW05bNfG2XkWDJfYRXrTiP/DsB2zSYTaHX0bGIujTBQdMVAhb+j7mwpg==, tarball: https://registry.npmmirror.com/@types/node/-/node-20.17.30.tgz}

  '@types/react-dom@19.1.2':
    resolution: {integrity: sha512-XGJkWF41Qq305SKWEILa1O8vzhb3aOo3ogBlSmiqNko/WmRb6QIaweuZCXjKygVDXpzXb5wyxKTSOsmkuqj+Qw==, tarball: https://registry.npmmirror.com/@types/react-dom/-/react-dom-19.1.2.tgz}
    peerDependencies:
      '@types/react': ^19.0.0

  '@types/react@19.1.0':
    resolution: {integrity: sha512-UaicktuQI+9UKyA4njtDOGBD/67t8YEBt2xdfqu8+gP9hqPUPsiXlNPcpS2gVdjmis5GKPG3fCxbQLVgxsQZ8w==, tarball: https://registry.npmmirror.com/@types/react/-/react-19.1.0.tgz}

  aos@2.3.4:
    resolution: {integrity: sha512-zh/ahtR2yME4I51z8IttIt4lC1Nw0ktsFtmeDzID1m9naJnWXhCoARaCgNOGXb5CLy3zm+wqmRAEgMYB5E2HUw==, tarball: https://registry.npmmirror.com/aos/-/aos-2.3.4.tgz}

  busboy@1.6.0:
    resolution: {integrity: sha512-8SFQbg/0hQ9xy3UNTB0YEnsNBbWfhf7RtnzpL7TkBiTBRfrQ9Fxcnz7VJsleJpyp6rVLvXiuORqjlHi5q+PYuA==, tarball: https://registry.npmmirror.com/busboy/-/busboy-1.6.0.tgz}
    engines: {node: '>=10.16.0'}

  caniuse-lite@1.0.30001712:
    resolution: {integrity: sha512-MBqPpGYYdQ7/hfKiet9SCI+nmN5/hp4ZzveOJubl5DTAMa5oggjAuoi0Z4onBpKPFI2ePGnQuQIzF3VxDjDJig==, tarball: https://registry.npmmirror.com/caniuse-lite/-/caniuse-lite-1.0.30001712.tgz}

  class-variance-authority@0.7.1:
    resolution: {integrity: sha512-Ka+9Trutv7G8M6WT6SeiRWz792K5qEqIGEGzXKhAE6xOWAY6pPH8U+9IY3oCMv6kqTmLsv7Xh/2w2RigkePMsg==, tarball: https://registry.npmmirror.com/class-variance-authority/-/class-variance-authority-0.7.1.tgz}

  classlist-polyfill@1.2.0:
    resolution: {integrity: sha512-GzIjNdcEtH4ieA2S8NmrSxv7DfEV5fmixQeyTmqmRmRJPGpRBaSnA2a0VrCjyT8iW8JjEdMbKzDotAJf+ajgaQ==, tarball: https://registry.npmmirror.com/classlist-polyfill/-/classlist-polyfill-1.2.0.tgz}

  client-only@0.0.1:
    resolution: {integrity: sha512-IV3Ou0jSMzZrd3pZ48nLkT9DA7Ag1pnPzaiQhpW7c3RbcqqzvzzVu+L8gfqMp/8IM2MQtSiqaCxrrcfu8I8rMA==, tarball: https://registry.npmmirror.com/client-only/-/client-only-0.0.1.tgz}

  clsx@2.1.1:
    resolution: {integrity: sha512-eYm0QWBtUrBWZWG0d386OGAw16Z995PiOVo2B7bjWSbHedGl5e0ZWaq65kOGgUSNesEIDkB9ISbTg/JK9dhCZA==, tarball: https://registry.npmmirror.com/clsx/-/clsx-2.1.1.tgz}
    engines: {node: '>=6'}

  color-convert@2.0.1:
    resolution: {integrity: sha512-RRECPsj7iu/xb5oKYcsFHSppFNnsj/52OVTRKb4zP5onXwVF3zVmmToNcOfGC+CRDpfK/U584fMg38ZHCaElKQ==, tarball: https://registry.npmmirror.com/color-convert/-/color-convert-2.0.1.tgz}
    engines: {node: '>=7.0.0'}

  color-name@1.1.4:
    resolution: {integrity: sha512-dOy+3AuW3a2wNbZHIuMZpTcgjGuLU/uBL/ubcZF9OXbDo8ff4O8yVp5Bf0efS8uEoYo5q4Fx7dY9OgQGXgAsQA==, tarball: https://registry.npmmirror.com/color-name/-/color-name-1.1.4.tgz}

  color-string@1.9.1:
    resolution: {integrity: sha512-shrVawQFojnZv6xM40anx4CkoDP+fZsw/ZerEMsW/pyzsRbElpsL/DBVW7q3ExxwusdNXI3lXpuhEZkzs8p5Eg==, tarball: https://registry.npmmirror.com/color-string/-/color-string-1.9.1.tgz}

  color@4.2.3:
    resolution: {integrity: sha512-1rXeuUUiGGrykh+CeBdu5Ie7OJwinCgQY0bc7GCRxy5xVHy+moaqkpL/jqQq0MtQOeYcrqEz4abc5f0KtU7W4A==, tarball: https://registry.npmmirror.com/color/-/color-4.2.3.tgz}
    engines: {node: '>=12.5.0'}

  csstype@3.1.3:
    resolution: {integrity: sha512-M1uQkMl8rQK/szD0LNhtqxIPLpimGm8sOBwU7lLnCpSbTyY3yeU1Vc7l4KT5zT4s/yOxHH5O7tIuuLOCnLADRw==, tarball: https://registry.npmmirror.com/csstype/-/csstype-3.1.3.tgz}

  decimal.js@10.5.0:
    resolution: {integrity: sha512-8vDa8Qxvr/+d94hSh5P3IJwI5t8/c0KsMp+g8bNw9cY2icONa5aPfvKeieW1WlG0WQYwwhJ7mjui2xtiePQSXw==, tarball: https://registry.npmmirror.com/decimal.js/-/decimal.js-10.5.0.tgz}

  detect-libc@2.0.3:
    resolution: {integrity: sha512-bwy0MGW55bG41VqxxypOsdSdGqLwXPI/focwgTYCFMbdUiBAxLg9CFzG08sz2aqzknwiX7Hkl0bQENjg8iLByw==, tarball: https://registry.npmmirror.com/detect-libc/-/detect-libc-2.0.3.tgz}
    engines: {node: '>=8'}

  enhanced-resolve@5.18.1:
    resolution: {integrity: sha512-ZSW3ma5GkcQBIpwZTSRAI8N71Uuwgs93IezB7mf7R60tC8ZbJideoDNKjHn2O9KIlx6rkGTTEk1xUCK2E1Y2Yg==, tarball: https://registry.npmmirror.com/enhanced-resolve/-/enhanced-resolve-5.18.1.tgz}
    engines: {node: '>=10.13.0'}

  graceful-fs@4.2.11:
    resolution: {integrity: sha512-RbJ5/jmFcNNCcDV5o9eTnBLJ/HszWV0P73bc+Ff4nS/rJj+YaS6IGyiOL0VoBYX+l1Wrl3k63h/KrH+nhJ0XvQ==, tarball: https://registry.npmmirror.com/graceful-fs/-/graceful-fs-4.2.11.tgz}

  intl-messageformat@10.7.16:
    resolution: {integrity: sha512-UmdmHUmp5CIKKjSoE10la5yfU+AYJAaiYLsodbjL4lji83JNvgOQUjGaGhGrpFCb0Uh7sl7qfP1IyILa8Z40ug==, tarball: https://registry.npmmirror.com/intl-messageformat/-/intl-messageformat-10.7.16.tgz}

  is-arrayish@0.3.2:
    resolution: {integrity: sha512-eVRqCvVlZbuw3GrM63ovNSNAeA1K16kaR/LRY/92w0zxQ5/1YzwblUX652i4Xs9RwAGjW9d9y6X88t8OaAJfWQ==, tarball: https://registry.npmmirror.com/is-arrayish/-/is-arrayish-0.3.2.tgz}

  jiti@2.4.2:
    resolution: {integrity: sha512-rg9zJN+G4n2nfJl5MW3BMygZX56zKPNVEYYqq7adpmMh4Jn2QNEwhvQlFy6jPVdcod7txZtKHWnyZiA3a0zP7A==, tarball: https://registry.npmmirror.com/jiti/-/jiti-2.4.2.tgz}
    hasBin: true

  lightningcss-darwin-arm64@1.29.2:
    resolution: {integrity: sha512-cK/eMabSViKn/PG8U/a7aCorpeKLMlK0bQeNHmdb7qUnBkNPnL+oV5DjJUo0kqWsJUapZsM4jCfYItbqBDvlcA==, tarball: https://registry.npmmirror.com/lightningcss-darwin-arm64/-/lightningcss-darwin-arm64-1.29.2.tgz}
    engines: {node: '>= 12.0.0'}
    cpu: [arm64]
    os: [darwin]

  lightningcss-darwin-x64@1.29.2:
    resolution: {integrity: sha512-j5qYxamyQw4kDXX5hnnCKMf3mLlHvG44f24Qyi2965/Ycz829MYqjrVg2H8BidybHBp9kom4D7DR5VqCKDXS0w==, tarball: https://registry.npmmirror.com/lightningcss-darwin-x64/-/lightningcss-darwin-x64-1.29.2.tgz}
    engines: {node: '>= 12.0.0'}
    cpu: [x64]
    os: [darwin]

  lightningcss-freebsd-x64@1.29.2:
    resolution: {integrity: sha512-wDk7M2tM78Ii8ek9YjnY8MjV5f5JN2qNVO+/0BAGZRvXKtQrBC4/cn4ssQIpKIPP44YXw6gFdpUF+Ps+RGsCwg==, tarball: https://registry.npmmirror.com/lightningcss-freebsd-x64/-/lightningcss-freebsd-x64-1.29.2.tgz}
    engines: {node: '>= 12.0.0'}
    cpu: [x64]
    os: [freebsd]

  lightningcss-linux-arm-gnueabihf@1.29.2:
    resolution: {integrity: sha512-IRUrOrAF2Z+KExdExe3Rz7NSTuuJ2HvCGlMKoquK5pjvo2JY4Rybr+NrKnq0U0hZnx5AnGsuFHjGnNT14w26sg==, tarball: https://registry.npmmirror.com/lightningcss-linux-arm-gnueabihf/-/lightningcss-linux-arm-gnueabihf-1.29.2.tgz}
    engines: {node: '>= 12.0.0'}
    cpu: [arm]
    os: [linux]

  lightningcss-linux-arm64-gnu@1.29.2:
    resolution: {integrity: sha512-KKCpOlmhdjvUTX/mBuaKemp0oeDIBBLFiU5Fnqxh1/DZ4JPZi4evEH7TKoSBFOSOV3J7iEmmBaw/8dpiUvRKlQ==, tarball: https://registry.npmmirror.com/lightningcss-linux-arm64-gnu/-/lightningcss-linux-arm64-gnu-1.29.2.tgz}
    engines: {node: '>= 12.0.0'}
    cpu: [arm64]
    os: [linux]
    libc: [glibc]

  lightningcss-linux-arm64-musl@1.29.2:
    resolution: {integrity: sha512-Q64eM1bPlOOUgxFmoPUefqzY1yV3ctFPE6d/Vt7WzLW4rKTv7MyYNky+FWxRpLkNASTnKQUaiMJ87zNODIrrKQ==, tarball: https://registry.npmmirror.com/lightningcss-linux-arm64-musl/-/lightningcss-linux-arm64-musl-1.29.2.tgz}
    engines: {node: '>= 12.0.0'}
    cpu: [arm64]
    os: [linux]
    libc: [musl]

  lightningcss-linux-x64-gnu@1.29.2:
    resolution: {integrity: sha512-0v6idDCPG6epLXtBH/RPkHvYx74CVziHo6TMYga8O2EiQApnUPZsbR9nFNrg2cgBzk1AYqEd95TlrsL7nYABQg==, tarball: https://registry.npmmirror.com/lightningcss-linux-x64-gnu/-/lightningcss-linux-x64-gnu-1.29.2.tgz}
    engines: {node: '>= 12.0.0'}
    cpu: [x64]
    os: [linux]
    libc: [glibc]

  lightningcss-linux-x64-musl@1.29.2:
    resolution: {integrity: sha512-rMpz2yawkgGT8RULc5S4WiZopVMOFWjiItBT7aSfDX4NQav6M44rhn5hjtkKzB+wMTRlLLqxkeYEtQ3dd9696w==, tarball: https://registry.npmmirror.com/lightningcss-linux-x64-musl/-/lightningcss-linux-x64-musl-1.29.2.tgz}
    engines: {node: '>= 12.0.0'}
    cpu: [x64]
    os: [linux]
    libc: [musl]

  lightningcss-win32-arm64-msvc@1.29.2:
    resolution: {integrity: sha512-nL7zRW6evGQqYVu/bKGK+zShyz8OVzsCotFgc7judbt6wnB2KbiKKJwBE4SGoDBQ1O94RjW4asrCjQL4i8Fhbw==, tarball: https://registry.npmmirror.com/lightningcss-win32-arm64-msvc/-/lightningcss-win32-arm64-msvc-1.29.2.tgz}
    engines: {node: '>= 12.0.0'}
    cpu: [arm64]
    os: [win32]

  lightningcss-win32-x64-msvc@1.29.2:
    resolution: {integrity: sha512-EdIUW3B2vLuHmv7urfzMI/h2fmlnOQBk1xlsDxkN1tCWKjNFjfLhGxYk8C8mzpSfr+A6jFFIi8fU6LbQGsRWjA==, tarball: https://registry.npmmirror.com/lightningcss-win32-x64-msvc/-/lightningcss-win32-x64-msvc-1.29.2.tgz}
    engines: {node: '>= 12.0.0'}
    cpu: [x64]
    os: [win32]

  lightningcss@1.29.2:
    resolution: {integrity: sha512-6b6gd/RUXKaw5keVdSEtqFVdzWnU5jMxTUjA2bVcMNPLwSQ08Sv/UodBVtETLCn7k4S1Ibxwh7k68IwLZPgKaA==, tarball: https://registry.npmmirror.com/lightningcss/-/lightningcss-1.29.2.tgz}
    engines: {node: '>= 12.0.0'}

  lodash.debounce@4.0.8:
    resolution: {integrity: sha512-FT1yDzDYEoYWhnSGnpE/4Kj1fLZkDFyqRb7fNt6FdYOSxlUWAtp42Eh6Wb0rGIv/m9Bgo7x4GhQbm5Ys4SG5ow==, tarball: https://registry.npmmirror.com/lodash.debounce/-/lodash.debounce-4.0.8.tgz}

  lodash.throttle@4.1.1:
    resolution: {integrity: sha512-wIkUCfVKpVsWo3JSZlc+8MB5it+2AN5W8J7YVMST30UrvcQNZ1Okbj+rbVniijTWE6FGYy4XJq/rHkas8qJMLQ==, tarball: https://registry.npmmirror.com/lodash.throttle/-/lodash.throttle-4.1.1.tgz}

  lucide-react@0.483.0:
    resolution: {integrity: sha512-WldsY17Qb/T3VZdMnVQ9C3DDIP7h1ViDTHVdVGnLZcvHNg30zH/MTQ04RTORjexoGmpsXroiQXZ4QyR0kBy0FA==, tarball: https://registry.npmmirror.com/lucide-react/-/lucide-react-0.483.0.tgz}
    peerDependencies:
      react: ^16.5.1 || ^17.0.0 || ^18.0.0 || ^19.0.0

  nanoid@3.3.11:
    resolution: {integrity: sha512-N8SpfPUnUp1bK+PMYW8qSWdl9U+wwNWI4QKxOYDy9JAro3WMX7p2OeVRF9v+347pnakNevPmiHhNmZ2HbFA76w==, tarball: https://registry.npmmirror.com/nanoid/-/nanoid-3.3.11.tgz}
    engines: {node: ^10 || ^12 || ^13.7 || ^14 || >=15.0.1}
    hasBin: true

  negotiator@1.0.0:
    resolution: {integrity: sha512-8Ofs/AUQh8MaEcrlq5xOX0CQ9ypTF5dl78mjlMNfOK08fzpgTHQRQPBxcPlEtIw0yRpws+Zo/3r+5WRby7u3Gg==, tarball: https://registry.npmmirror.com/negotiator/-/negotiator-1.0.0.tgz}
    engines: {node: '>= 0.6'}

  next-intl@4.0.2:
    resolution: {integrity: sha512-3cKVflwdrqxCOvAL+DtGN68qR802i0PEj0dttkAD5IK5XxOjugQs4yU8aSakvPMbkOrhEJ+89z5lG2EAqi7Gkw==, tarball: https://registry.npmmirror.com/next-intl/-/next-intl-4.0.2.tgz}
    peerDependencies:
      next: ^12.0.0 || ^13.0.0 || ^14.0.0 || ^15.0.0
      react: ^16.8.0 || ^17.0.0 || ^18.0.0 || >=19.0.0-rc <19.0.0 || ^19.0.0
      typescript: ^5.0.0
    peerDependenciesMeta:
      typescript:
        optional: true

  next@15.2.3:
    resolution: {integrity: sha512-x6eDkZxk2rPpu46E1ZVUWIBhYCLszmUY6fvHBFcbzJ9dD+qRX6vcHusaqqDlnY+VngKzKbAiG2iRCkPbmi8f7w==, tarball: https://registry.npmmirror.com/next/-/next-15.2.3.tgz}
    engines: {node: ^18.18.0 || ^19.8.0 || >= 20.0.0}
    hasBin: true
    peerDependencies:
      '@opentelemetry/api': ^1.1.0
      '@playwright/test': ^1.41.2
      babel-plugin-react-compiler: '*'
      react: ^18.2.0 || 19.0.0-rc-de68d2f4-20241204 || ^19.0.0
      react-dom: ^18.2.0 || 19.0.0-rc-de68d2f4-20241204 || ^19.0.0
      sass: ^1.3.0
    peerDependenciesMeta:
      '@opentelemetry/api':
        optional: true
      '@playwright/test':
        optional: true
      babel-plugin-react-compiler:
        optional: true
      sass:
        optional: true

  picocolors@1.1.1:
    resolution: {integrity: sha512-xceH2snhtb5M9liqDsmEw56le376mTZkEX/jEb/RxNFyegNul7eNslCXP9FDj/Lcu0X8KEyMceP2ntpaHrDEVA==, tarball: https://registry.npmmirror.com/picocolors/-/picocolors-1.1.1.tgz}

  pnpm@10.8.0:
    resolution: {integrity: sha512-DoJxTRtbQ8dGEBk8sgc0iXwdAN6J0OGEIK68WXf6E9eAqcsFc0Yk6B69gcyHbNRkeUhQZBxIuVRDJrViLKKZcQ==, tarball: https://registry.npmmirror.com/pnpm/-/pnpm-10.8.0.tgz}
    engines: {node: '>=18.12'}
    hasBin: true

  postcss@8.4.31:
    resolution: {integrity: sha512-PS08Iboia9mts/2ygV3eLpY5ghnUcfLV/EXTOW1E2qYxJKGGBUtNjN76FYHnMs36RmARn41bC0AZmn+rR0OVpQ==, tarball: https://registry.npmmirror.com/postcss/-/postcss-8.4.31.tgz}
    engines: {node: ^10 || ^12 || >=14}

  postcss@8.5.3:
    resolution: {integrity: sha512-dle9A3yYxlBSrt8Fu+IpjGT8SY8hN0mlaA6GY8t0P5PjIOZemULz/E2Bnm/2dcUOena75OTNkHI76uZBNUUq3A==, tarball: https://registry.npmmirror.com/postcss/-/postcss-8.5.3.tgz}
    engines: {node: ^10 || ^12 || >=14}

  react-dom@19.1.0:
    resolution: {integrity: sha512-Xs1hdnE+DyKgeHJeJznQmYMIBG3TKIHJJT95Q58nHLSrElKlGQqDTR2HQ9fx5CN/Gk6Vh/kupBTDLU11/nDk/g==, tarball: https://registry.npmmirror.com/react-dom/-/react-dom-19.1.0.tgz}
    peerDependencies:
      react: ^19.1.0

  react@19.1.0:
    resolution: {integrity: sha512-FS+XFBNvn3GTAWq26joslQgWNoFu08F4kl0J4CgdNKADkdSGXQyTCnKteIAJy96Br6YbpEU1LSzV5dYtjMkMDg==, tarball: https://registry.npmmirror.com/react/-/react-19.1.0.tgz}
    engines: {node: '>=0.10.0'}

  scheduler@0.26.0:
    resolution: {integrity: sha512-NlHwttCI/l5gCPR3D1nNXtWABUmBwvZpEQiD4IXSbIDq8BzLIK/7Ir5gTFSGZDUu37K5cMNp0hFtzO38sC7gWA==, tarball: https://registry.npmmirror.com/scheduler/-/scheduler-0.26.0.tgz}

  semver@7.7.1:
    resolution: {integrity: sha512-hlq8tAfn0m/61p4BVRcPzIGr6LKiMwo4VM6dGi6pt4qcRkmNzTcWq6eCEjEh+qXjkMDvPlOFFSGwQjoEa6gyMA==, tarball: https://registry.npmmirror.com/semver/-/semver-7.7.1.tgz}
    engines: {node: '>=10'}
    hasBin: true

  sharp@0.33.5:
    resolution: {integrity: sha512-haPVm1EkS9pgvHrQ/F3Xy+hgcuMV0Wm9vfIBSiwZ05k+xgb0PkBQpGsAA/oWdDobNaZTH5ppvHtzCFbnSEwHVw==, tarball: https://registry.npmmirror.com/sharp/-/sharp-0.33.5.tgz}
    engines: {node: ^18.17.0 || ^20.3.0 || >=21.0.0}

  simple-swizzle@0.2.2:
    resolution: {integrity: sha512-JA//kQgZtbuY83m+xT+tXJkmJncGMTFT+C+g2h2R9uxkYIrE2yy9sgmcLhCnw57/WSD+Eh3J97FPEDFnbXnDUg==, tarball: https://registry.npmmirror.com/simple-swizzle/-/simple-swizzle-0.2.2.tgz}

  source-map-js@1.2.1:
    resolution: {integrity: sha512-UXWMKhLOwVKb728IUtQPXxfYU+usdybtUrK/8uGE8CQMvrhOpwvzDBwj0QhSL7MQc7vIsISBG8VQ8+IDQxpfQA==, tarball: https://registry.npmmirror.com/source-map-js/-/source-map-js-1.2.1.tgz}
    engines: {node: '>=0.10.0'}

  streamsearch@1.1.0:
    resolution: {integrity: sha512-Mcc5wHehp9aXz1ax6bZUyY5afg9u2rv5cqQI3mRrYkGC8rW2hM02jWuwjtL++LS5qinSyhj2QfLyNsuc+VsExg==, tarball: https://registry.npmmirror.com/streamsearch/-/streamsearch-1.1.0.tgz}
    engines: {node: '>=10.0.0'}

  styled-jsx@5.1.6:
    resolution: {integrity: sha512-qSVyDTeMotdvQYoHWLNGwRFJHC+i+ZvdBRYosOFgC+Wg1vx4frN2/RG/NA7SYqqvKNLf39P2LSRA2pu6n0XYZA==, tarball: https://registry.npmmirror.com/styled-jsx/-/styled-jsx-5.1.6.tgz}
    engines: {node: '>= 12.0.0'}
    peerDependencies:
      '@babel/core': '*'
      babel-plugin-macros: '*'
      react: '>= 16.8.0 || 17.x.x || ^18.0.0-0 || ^19.0.0-0'
    peerDependenciesMeta:
      '@babel/core':
        optional: true
      babel-plugin-macros:
        optional: true

  tailwind-merge@3.2.0:
    resolution: {integrity: sha512-FQT/OVqCD+7edmmJpsgCsY820RTD5AkBryuG5IUqR5YQZSdj5xlH5nLgH7YPths7WsLPSpSBNneJdM8aS8aeFA==, tarball: https://registry.npmmirror.com/tailwind-merge/-/tailwind-merge-3.2.0.tgz}

  tailwindcss@4.1.3:
    resolution: {integrity: sha512-2Q+rw9vy1WFXu5cIxlvsabCwhU2qUwodGq03ODhLJ0jW4ek5BUtoCsnLB0qG+m8AHgEsSJcJGDSDe06FXlP74g==, tarball: https://registry.npmmirror.com/tailwindcss/-/tailwindcss-4.1.3.tgz}

  tapable@2.2.1:
    resolution: {integrity: sha512-GNzQvQTOIP6RyTfE2Qxb8ZVlNmw0n88vp1szwWRimP02mnTsx3Wtn5qRdqY9w2XduFNUgvOwhNnQsjwCp+kqaQ==, tarball: https://registry.npmmirror.com/tapable/-/tapable-2.2.1.tgz}
    engines: {node: '>=6'}

  tslib@2.8.1:
    resolution: {integrity: sha512-oJFu94HQb+KVduSUQL7wnpmqnfmLsOA/nAh6b6EH0wCEoK0/mPeXU6c3wKDV83MkOuHPRHtSXKKU99IBazS/2w==, tarball: https://registry.npmmirror.com/tslib/-/tslib-2.8.1.tgz}

  tw-animate-css@1.2.5:
    resolution: {integrity: sha512-ABzjfgVo+fDbhRREGL4KQZUqqdPgvc5zVrLyeW9/6mVqvaDepXc7EvedA+pYmMnIOsUAQMwcWzNvom26J2qYvQ==, tarball: https://registry.npmmirror.com/tw-animate-css/-/tw-animate-css-1.2.5.tgz}

  typescript@5.8.3:
    resolution: {integrity: sha512-p1diW6TqL9L07nNxvRMM7hMMw4c5XOo/1ibL4aAIGmSAt9slTE1Xgw5KWuof2uTOvCg9BY7ZRi+GaF+7sfgPeQ==, tarball: https://registry.npmmirror.com/typescript/-/typescript-5.8.3.tgz}
    engines: {node: '>=14.17'}
    hasBin: true

  undici-types@6.19.8:
    resolution: {integrity: sha512-ve2KP6f/JnbPBFyobGHuerC9g1FYGn/F8n1LWTwNxCEzd6IfqTwUQcNXgEtmmQ6DlRrC1hrSrBnCZPokRrDHjw==, tarball: https://registry.npmmirror.com/undici-types/-/undici-types-6.19.8.tgz}

  use-intl@4.0.2:
    resolution: {integrity: sha512-6RAP/5KJMRzLMLS25/BVh2u09cRK8S6HRGc1RnZvqR547qAKZCpjYylOqMPU9eNIirAiKoGmsoUPa7JrlaA/yg==, tarball: https://registry.npmmirror.com/use-intl/-/use-intl-4.0.2.tgz}
    peerDependencies:
      react: ^17.0.0 || ^18.0.0 || >=19.0.0-rc <19.0.0 || ^19.0.0

  zustand@5.0.3:
    resolution: {integrity: sha512-14fwWQtU3pH4dE0dOpdMiWjddcH+QzKIgk1cl8epwSE7yag43k/AD/m4L6+K7DytAOr9gGBe3/EXj9g7cdostg==, tarball: https://registry.npmmirror.com/zustand/-/zustand-5.0.3.tgz}
    engines: {node: '>=12.20.0'}
    peerDependencies:
      '@types/react': '>=18.0.0'
      immer: '>=9.0.6'
      react: '>=18.0.0'
      use-sync-external-store: '>=1.2.0'
    peerDependenciesMeta:
      '@types/react':
        optional: true
      immer:
        optional: true
      react:
        optional: true
      use-sync-external-store:
        optional: true

snapshots:

  '@alloc/quick-lru@5.2.0': {}

  '@emnapi/runtime@1.4.0':
    dependencies:
      tslib: 2.8.1
    optional: true

  '@formatjs/ecma402-abstract@2.3.4':
    dependencies:
      '@formatjs/fast-memoize': 2.2.7
      '@formatjs/intl-localematcher': 0.6.1
      decimal.js: 10.5.0
      tslib: 2.8.1

  '@formatjs/fast-memoize@2.2.7':
    dependencies:
      tslib: 2.8.1

  '@formatjs/icu-messageformat-parser@2.11.2':
    dependencies:
      '@formatjs/ecma402-abstract': 2.3.4
      '@formatjs/icu-skeleton-parser': 1.8.14
      tslib: 2.8.1

  '@formatjs/icu-skeleton-parser@1.8.14':
    dependencies:
      '@formatjs/ecma402-abstract': 2.3.4
      tslib: 2.8.1

  '@formatjs/intl-localematcher@0.5.10':
    dependencies:
      tslib: 2.8.1

  '@formatjs/intl-localematcher@0.6.1':
    dependencies:
      tslib: 2.8.1

  '@img/sharp-darwin-arm64@0.33.5':
    optionalDependencies:
      '@img/sharp-libvips-darwin-arm64': 1.0.4
    optional: true

  '@img/sharp-darwin-x64@0.33.5':
    optionalDependencies:
      '@img/sharp-libvips-darwin-x64': 1.0.4
    optional: true

  '@img/sharp-libvips-darwin-arm64@1.0.4':
    optional: true

  '@img/sharp-libvips-darwin-x64@1.0.4':
    optional: true

  '@img/sharp-libvips-linux-arm64@1.0.4':
    optional: true

  '@img/sharp-libvips-linux-arm@1.0.5':
    optional: true

  '@img/sharp-libvips-linux-s390x@1.0.4':
    optional: true

  '@img/sharp-libvips-linux-x64@1.0.4':
    optional: true

  '@img/sharp-libvips-linuxmusl-arm64@1.0.4':
    optional: true

  '@img/sharp-libvips-linuxmusl-x64@1.0.4':
    optional: true

  '@img/sharp-linux-arm64@0.33.5':
    optionalDependencies:
      '@img/sharp-libvips-linux-arm64': 1.0.4
    optional: true

  '@img/sharp-linux-arm@0.33.5':
    optionalDependencies:
      '@img/sharp-libvips-linux-arm': 1.0.5
    optional: true

  '@img/sharp-linux-s390x@0.33.5':
    optionalDependencies:
      '@img/sharp-libvips-linux-s390x': 1.0.4
    optional: true

  '@img/sharp-linux-x64@0.33.5':
    optionalDependencies:
      '@img/sharp-libvips-linux-x64': 1.0.4
    optional: true

  '@img/sharp-linuxmusl-arm64@0.33.5':
    optionalDependencies:
      '@img/sharp-libvips-linuxmusl-arm64': 1.0.4
    optional: true

  '@img/sharp-linuxmusl-x64@0.33.5':
    optionalDependencies:
      '@img/sharp-libvips-linuxmusl-x64': 1.0.4
    optional: true

  '@img/sharp-wasm32@0.33.5':
    dependencies:
      '@emnapi/runtime': 1.4.0
    optional: true

  '@img/sharp-win32-ia32@0.33.5':
    optional: true

  '@img/sharp-win32-x64@0.33.5':
    optional: true

  '@next/env@15.2.3': {}

  '@next/swc-darwin-arm64@15.2.3':
    optional: true

  '@next/swc-darwin-x64@15.2.3':
    optional: true

  '@next/swc-linux-arm64-gnu@15.2.3':
    optional: true

  '@next/swc-linux-arm64-musl@15.2.3':
    optional: true

  '@next/swc-linux-x64-gnu@15.2.3':
    optional: true

  '@next/swc-linux-x64-musl@15.2.3':
    optional: true

  '@next/swc-win32-arm64-msvc@15.2.3':
    optional: true

  '@next/swc-win32-x64-msvc@15.2.3':
    optional: true

  '@radix-ui/react-compose-refs@1.1.2(@types/react@19.1.0)(react@19.1.0)':
    dependencies:
      react: 19.1.0
    optionalDependencies:
      '@types/react': 19.1.0

  '@radix-ui/react-slot@1.2.0(@types/react@19.1.0)(react@19.1.0)':
    dependencies:
      '@radix-ui/react-compose-refs': 1.1.2(@types/react@19.1.0)(react@19.1.0)
      react: 19.1.0
    optionalDependencies:
      '@types/react': 19.1.0

  '@schummar/icu-type-parser@1.21.5': {}

  '@swc/counter@0.1.3': {}

  '@swc/helpers@0.5.15':
    dependencies:
      tslib: 2.8.1

  '@tailwindcss/node@4.1.3':
    dependencies:
      enhanced-resolve: 5.18.1
      jiti: 2.4.2
      lightningcss: 1.29.2
      tailwindcss: 4.1.3

  '@tailwindcss/oxide-android-arm64@4.1.3':
    optional: true

  '@tailwindcss/oxide-darwin-arm64@4.1.3':
    optional: true

  '@tailwindcss/oxide-darwin-x64@4.1.3':
    optional: true

  '@tailwindcss/oxide-freebsd-x64@4.1.3':
    optional: true

  '@tailwindcss/oxide-linux-arm-gnueabihf@4.1.3':
    optional: true

  '@tailwindcss/oxide-linux-arm64-gnu@4.1.3':
    optional: true

  '@tailwindcss/oxide-linux-arm64-musl@4.1.3':
    optional: true

  '@tailwindcss/oxide-linux-x64-gnu@4.1.3':
    optional: true

  '@tailwindcss/oxide-linux-x64-musl@4.1.3':
    optional: true

  '@tailwindcss/oxide-win32-arm64-msvc@4.1.3':
    optional: true

  '@tailwindcss/oxide-win32-x64-msvc@4.1.3':
    optional: true

  '@tailwindcss/oxide@4.1.3':
    optionalDependencies:
      '@tailwindcss/oxide-android-arm64': 4.1.3
      '@tailwindcss/oxide-darwin-arm64': 4.1.3
      '@tailwindcss/oxide-darwin-x64': 4.1.3
      '@tailwindcss/oxide-freebsd-x64': 4.1.3
      '@tailwindcss/oxide-linux-arm-gnueabihf': 4.1.3
      '@tailwindcss/oxide-linux-arm64-gnu': 4.1.3
      '@tailwindcss/oxide-linux-arm64-musl': 4.1.3
      '@tailwindcss/oxide-linux-x64-gnu': 4.1.3
      '@tailwindcss/oxide-linux-x64-musl': 4.1.3
      '@tailwindcss/oxide-win32-arm64-msvc': 4.1.3
      '@tailwindcss/oxide-win32-x64-msvc': 4.1.3

  '@tailwindcss/postcss@4.1.3':
    dependencies:
      '@alloc/quick-lru': 5.2.0
      '@tailwindcss/node': 4.1.3
      '@tailwindcss/oxide': 4.1.3
      postcss: 8.5.3
      tailwindcss: 4.1.3

  '@types/aos@3.0.7': {}

  '@types/node@20.17.30':
    dependencies:
      undici-types: 6.19.8

  '@types/react-dom@19.1.2(@types/react@19.1.0)':
    dependencies:
      '@types/react': 19.1.0

  '@types/react@19.1.0':
    dependencies:
      csstype: 3.1.3

  aos@2.3.4:
    dependencies:
      classlist-polyfill: 1.2.0
      lodash.debounce: 4.0.8
      lodash.throttle: 4.1.1

  busboy@1.6.0:
    dependencies:
      streamsearch: 1.1.0

  caniuse-lite@1.0.30001712: {}

  class-variance-authority@0.7.1:
    dependencies:
      clsx: 2.1.1

  classlist-polyfill@1.2.0: {}

  client-only@0.0.1: {}

  clsx@2.1.1: {}

  color-convert@2.0.1:
    dependencies:
      color-name: 1.1.4
    optional: true

  color-name@1.1.4:
    optional: true

  color-string@1.9.1:
    dependencies:
      color-name: 1.1.4
      simple-swizzle: 0.2.2
    optional: true

  color@4.2.3:
    dependencies:
      color-convert: 2.0.1
      color-string: 1.9.1
    optional: true

  csstype@3.1.3: {}

  decimal.js@10.5.0: {}

  detect-libc@2.0.3: {}

  enhanced-resolve@5.18.1:
    dependencies:
      graceful-fs: 4.2.11
      tapable: 2.2.1

  graceful-fs@4.2.11: {}

  intl-messageformat@10.7.16:
    dependencies:
      '@formatjs/ecma402-abstract': 2.3.4
      '@formatjs/fast-memoize': 2.2.7
      '@formatjs/icu-messageformat-parser': 2.11.2
      tslib: 2.8.1

  is-arrayish@0.3.2:
    optional: true

  jiti@2.4.2: {}

  lightningcss-darwin-arm64@1.29.2:
    optional: true

  lightningcss-darwin-x64@1.29.2:
    optional: true

  lightningcss-freebsd-x64@1.29.2:
    optional: true

  lightningcss-linux-arm-gnueabihf@1.29.2:
    optional: true

  lightningcss-linux-arm64-gnu@1.29.2:
    optional: true

  lightningcss-linux-arm64-musl@1.29.2:
    optional: true

  lightningcss-linux-x64-gnu@1.29.2:
    optional: true

  lightningcss-linux-x64-musl@1.29.2:
    optional: true

  lightningcss-win32-arm64-msvc@1.29.2:
    optional: true

  lightningcss-win32-x64-msvc@1.29.2:
    optional: true

  lightningcss@1.29.2:
    dependencies:
      detect-libc: 2.0.3
    optionalDependencies:
      lightningcss-darwin-arm64: 1.29.2
      lightningcss-darwin-x64: 1.29.2
      lightningcss-freebsd-x64: 1.29.2
      lightningcss-linux-arm-gnueabihf: 1.29.2
      lightningcss-linux-arm64-gnu: 1.29.2
      lightningcss-linux-arm64-musl: 1.29.2
      lightningcss-linux-x64-gnu: 1.29.2
      lightningcss-linux-x64-musl: 1.29.2
      lightningcss-win32-arm64-msvc: 1.29.2
      lightningcss-win32-x64-msvc: 1.29.2

  lodash.debounce@4.0.8: {}

  lodash.throttle@4.1.1: {}

  lucide-react@0.483.0(react@19.1.0):
    dependencies:
      react: 19.1.0

  nanoid@3.3.11: {}

  negotiator@1.0.0: {}

  next-intl@4.0.2(next@15.2.3(react-dom@19.1.0(react@19.1.0))(react@19.1.0))(react@19.1.0)(typescript@5.8.3):
    dependencies:
      '@formatjs/intl-localematcher': 0.5.10
      negotiator: 1.0.0
      next: 15.2.3(react-dom@19.1.0(react@19.1.0))(react@19.1.0)
      react: 19.1.0
      use-intl: 4.0.2(react@19.1.0)
    optionalDependencies:
      typescript: 5.8.3

  next@15.2.3(react-dom@19.1.0(react@19.1.0))(react@19.1.0):
    dependencies:
      '@next/env': 15.2.3
      '@swc/counter': 0.1.3
      '@swc/helpers': 0.5.15
      busboy: 1.6.0
      caniuse-lite: 1.0.30001712
      postcss: 8.4.31
      react: 19.1.0
      react-dom: 19.1.0(react@19.1.0)
      styled-jsx: 5.1.6(react@19.1.0)
    optionalDependencies:
      '@next/swc-darwin-arm64': 15.2.3
      '@next/swc-darwin-x64': 15.2.3
      '@next/swc-linux-arm64-gnu': 15.2.3
      '@next/swc-linux-arm64-musl': 15.2.3
      '@next/swc-linux-x64-gnu': 15.2.3
      '@next/swc-linux-x64-musl': 15.2.3
      '@next/swc-win32-arm64-msvc': 15.2.3
      '@next/swc-win32-x64-msvc': 15.2.3
      sharp: 0.33.5
    transitivePeerDependencies:
      - '@babel/core'
      - babel-plugin-macros

  picocolors@1.1.1: {}

  pnpm@10.8.0: {}

  postcss@8.4.31:
    dependencies:
      nanoid: 3.3.11
      picocolors: 1.1.1
      source-map-js: 1.2.1

  postcss@8.5.3:
    dependencies:
      nanoid: 3.3.11
      picocolors: 1.1.1
      source-map-js: 1.2.1

  react-dom@19.1.0(react@19.1.0):
    dependencies:
      react: 19.1.0
      scheduler: 0.26.0

  react@19.1.0: {}

  scheduler@0.26.0: {}

  semver@7.7.1:
    optional: true

  sharp@0.33.5:
    dependencies:
      color: 4.2.3
      detect-libc: 2.0.3
      semver: 7.7.1
    optionalDependencies:
      '@img/sharp-darwin-arm64': 0.33.5
      '@img/sharp-darwin-x64': 0.33.5
      '@img/sharp-libvips-darwin-arm64': 1.0.4
      '@img/sharp-libvips-darwin-x64': 1.0.4
      '@img/sharp-libvips-linux-arm': 1.0.5
      '@img/sharp-libvips-linux-arm64': 1.0.4
      '@img/sharp-libvips-linux-s390x': 1.0.4
      '@img/sharp-libvips-linux-x64': 1.0.4
      '@img/sharp-libvips-linuxmusl-arm64': 1.0.4
      '@img/sharp-libvips-linuxmusl-x64': 1.0.4
      '@img/sharp-linux-arm': 0.33.5
      '@img/sharp-linux-arm64': 0.33.5
      '@img/sharp-linux-s390x': 0.33.5
      '@img/sharp-linux-x64': 0.33.5
      '@img/sharp-linuxmusl-arm64': 0.33.5
      '@img/sharp-linuxmusl-x64': 0.33.5
      '@img/sharp-wasm32': 0.33.5
      '@img/sharp-win32-ia32': 0.33.5
      '@img/sharp-win32-x64': 0.33.5
    optional: true

  simple-swizzle@0.2.2:
    dependencies:
      is-arrayish: 0.3.2
    optional: true

  source-map-js@1.2.1: {}

  streamsearch@1.1.0: {}

  styled-jsx@5.1.6(react@19.1.0):
    dependencies:
      client-only: 0.0.1
      react: 19.1.0

  tailwind-merge@3.2.0: {}

  tailwindcss@4.1.3: {}

  tapable@2.2.1: {}

  tslib@2.8.1: {}

  tw-animate-css@1.2.5: {}

  typescript@5.8.3: {}

  undici-types@6.19.8: {}

  use-intl@4.0.2(react@19.1.0):
    dependencies:
      '@formatjs/fast-memoize': 2.2.7
      '@schummar/icu-type-parser': 1.21.5
      intl-messageformat: 10.7.16
      react: 19.1.0

  zustand@5.0.3(@types/react@19.1.0)(react@19.1.0):
    optionalDependencies:
      '@types/react': 19.1.0
      react: 19.1.0
